{
  "pins" : [
    {
      "identity" : "bitbytedata",
      "kind" : "remoteSourceControl",
      "location" : "https://github.com/tsolomko/BitByteData",
      "state" : {
        "revision" : "36df26fe4586b4f23d76cfd8b47076998343a2b2",
        "version" : "2.0.3"
      }
    },
    {
      "identity" : "cryptoswift",
      "kind" : "remoteSourceControl",
      "location" : "https://github.com/krzyzanowskim/CryptoSwift.git",
      "state" : {
        "revision" : "7892a123f7e8d0fe62f9f03728b17bbd4f94df5c",
        "version" : "1.8.1"
      }
    },
    {
      "identity" : "hitch",
      "kind" : "remoteSourceControl",
      "location" : "https://github.com/KittyMac/Hitch.git",
      "state" : {
        "revision" : "b80898f91efe103980766313e536516b8846f23d",
        "version" : "0.4.127"
      }
    },
    {
      "identity" : "spanker",
      "kind" : "remoteSourceControl",
      "location" : "https://github.com/KittyMac/Spanker.git",
      "state" : {
        "revision" : "96e58f68274a2e6f370fff153ceb5674a06936c4",
        "version" : "0.2.47"
      }
    },
    {
      "identity" : "swcompression",
      "kind" : "remoteSourceControl",
      "location" : "https://github.com/tsolomko/SWCompression.git",
      "state" : {
        "revision" : "cd39ca0a3b269173bab06f68b182b72fa690765c",
        "version" : "4.8.5"
      }
    }
  ],
  "version" : 2
}
