{
  "pins" : [
    {
      "identity" : "cryptoswift",
      "kind" : "remoteSourceControl",
      "location" : "https://github.com/krzyzanowskim/CryptoSwift.git",
      "state" : {
        "revision" : "7892a123f7e8d0fe62f9f03728b17bbd4f94df5c",
        "version" : "1.8.1"
      }
    },
    {
      "identity" : "gzipswift",
      "kind" : "remoteSourceControl",
      "location" : "https://github.com/KittyMac/GzipSwift.git",
      "state" : {
        "revision" : "a06c5d1cd82ce3645401c01411851a66b2f1fe05",
        "version" : "5.3.4"
      }
    },
    {
      "identity" : "hitch",
      "kind" : "remoteSourceControl",
      "location" : "https://github.com/KittyMac/Hitch.git",
      "state" : {
        "revision" : "92f32ad70b9e61807cf0cf9fa89993eac2c0dd56",
        "version" : "0.4.130"
      }
    },
    {
      "identity" : "spanker",
      "kind" : "remoteSourceControl",
      "location" : "https://github.com/KittyMac/Spanker.git",
      "state" : {
        "revision" : "96e58f68274a2e6f370fff153ceb5674a06936c4",
        "version" : "0.2.47"
      }
    }
  ],
  "version" : 2
}
